
Microsoft Visual Studio Solution File, Format Version 12.00
# Visual Studio 2013
VisualStudioVersion = 12.0.21005.1
MinimumVisualStudioVersion = 10.0.40219.1
Project("{FAE04EC0-301F-11D3-BF4B-00C04F79EFBC}") = "Timer", "Timer\Timer.csproj", "{B4B12ACB-69C2-4DBF-B208-4E104894BC61}"
EndProject
Project("{FAE04EC0-301F-11D3-BF4B-00C04F79EFBC}") = "TimerTestConsole", "TimerTestConsole\TimerTestConsole.csproj", "{223F0A39-268C-40D7-96C9-6C1E932C74F1}"
EndProject
Project("{FAE04EC0-301F-11D3-BF4B-00C04F79EFBC}") = "Fibonacci", "Fibonacci\Fibonacci.csproj", "{8EB3568E-EFA5-468B-8951-24204D014B5C}"
EndProject
Project("{FAE04EC0-301F-11D3-BF4B-00C04F79EFBC}") = "FibonacciTestConsole", "FibonacciTestConsole\FibonacciTestConsole.csproj", "{7092666D-AE18-444C-8446-BD4CF312DB7F}"
EndProject
Project("{FAE04EC0-301F-11D3-BF4B-00C04F79EFBC}") = "CustomQueueLib", "CustomQueueLib\CustomQueueLib.csproj", "{B00085C5-AFEC-425F-8210-27F2F5851AB1}"
EndProject
Project("{FAE04EC0-301F-11D3-BF4B-00C04F79EFBC}") = "BinSearchLib", "BinSearchLib\BinSearchLib.csproj", "{4DD130F2-9999-4A77-98D3-010F55B95D98}"
EndProject
Project("{FAE04EC0-301F-11D3-BF4B-00C04F79EFBC}") = "BinSearch.Test", "BinSearch.Test\BinSearch.Test.csproj", "{4DBA6C51-CA42-45B4-A4F2-93E0DB5D8D43}"
EndProject
Project("{FAE04EC0-301F-11D3-BF4B-00C04F79EFBC}") = "CustomQueueTestConsole", "QueueTestConsole\CustomQueueTestConsole.csproj", "{00826302-918D-4022-88C0-048456C03408}"
EndProject
Global
	GlobalSection(SolutionConfigurationPlatforms) = preSolution
		Debug|Any CPU = Debug|Any CPU
		Release|Any CPU = Release|Any CPU
	EndGlobalSection
	GlobalSection(ProjectConfigurationPlatforms) = postSolution
		{B4B12ACB-69C2-4DBF-B208-4E104894BC61}.Debug|Any CPU.ActiveCfg = Debug|Any CPU
		{B4B12ACB-69C2-4DBF-B208-4E104894BC61}.Debug|Any CPU.Build.0 = Debug|Any CPU
		{B4B12ACB-69C2-4DBF-B208-4E104894BC61}.Release|Any CPU.ActiveCfg = Release|Any CPU
		{B4B12ACB-69C2-4DBF-B208-4E104894BC61}.Release|Any CPU.Build.0 = Release|Any CPU
		{223F0A39-268C-40D7-96C9-6C1E932C74F1}.Debug|Any CPU.ActiveCfg = Debug|Any CPU
		{223F0A39-268C-40D7-96C9-6C1E932C74F1}.Debug|Any CPU.Build.0 = Debug|Any CPU
		{223F0A39-268C-40D7-96C9-6C1E932C74F1}.Release|Any CPU.ActiveCfg = Release|Any CPU
		{223F0A39-268C-40D7-96C9-6C1E932C74F1}.Release|Any CPU.Build.0 = Release|Any CPU
		{8EB3568E-EFA5-468B-8951-24204D014B5C}.Debug|Any CPU.ActiveCfg = Debug|Any CPU
		{8EB3568E-EFA5-468B-8951-24204D014B5C}.Debug|Any CPU.Build.0 = Debug|Any CPU
		{8EB3568E-EFA5-468B-8951-24204D014B5C}.Release|Any CPU.ActiveCfg = Release|Any CPU
		{8EB3568E-EFA5-468B-8951-24204D014B5C}.Release|Any CPU.Build.0 = Release|Any CPU
		{7092666D-AE18-444C-8446-BD4CF312DB7F}.Debug|Any CPU.ActiveCfg = Debug|Any CPU
		{7092666D-AE18-444C-8446-BD4CF312DB7F}.Debug|Any CPU.Build.0 = Debug|Any CPU
		{7092666D-AE18-444C-8446-BD4CF312DB7F}.Release|Any CPU.ActiveCfg = Release|Any CPU
		{7092666D-AE18-444C-8446-BD4CF312DB7F}.Release|Any CPU.Build.0 = Release|Any CPU
		{B00085C5-AFEC-425F-8210-27F2F5851AB1}.Debug|Any CPU.ActiveCfg = Debug|Any CPU
		{B00085C5-AFEC-425F-8210-27F2F5851AB1}.Debug|Any CPU.Build.0 = Debug|Any CPU
		{B00085C5-AFEC-425F-8210-27F2F5851AB1}.Release|Any CPU.ActiveCfg = Release|Any CPU
		{B00085C5-AFEC-425F-8210-27F2F5851AB1}.Release|Any CPU.Build.0 = Release|Any CPU
		{4DD130F2-9999-4A77-98D3-010F55B95D98}.Debug|Any CPU.ActiveCfg = Debug|Any CPU
		{4DD130F2-9999-4A77-98D3-010F55B95D98}.Debug|Any CPU.Build.0 = Debug|Any CPU
		{4DD130F2-9999-4A77-98D3-010F55B95D98}.Release|Any CPU.ActiveCfg = Release|Any CPU
		{4DD130F2-9999-4A77-98D3-010F55B95D98}.Release|Any CPU.Build.0 = Release|Any CPU
		{4DBA6C51-CA42-45B4-A4F2-93E0DB5D8D43}.Debug|Any CPU.ActiveCfg = Debug|Any CPU
		{4DBA6C51-CA42-45B4-A4F2-93E0DB5D8D43}.Debug|Any CPU.Build.0 = Debug|Any CPU
		{4DBA6C51-CA42-45B4-A4F2-93E0DB5D8D43}.Release|Any CPU.ActiveCfg = Release|Any CPU
		{4DBA6C51-CA42-45B4-A4F2-93E0DB5D8D43}.Release|Any CPU.Build.0 = Release|Any CPU
		{00826302-918D-4022-88C0-048456C03408}.Debug|Any CPU.ActiveCfg = Debug|Any CPU
		{00826302-918D-4022-88C0-048456C03408}.Debug|Any CPU.Build.0 = Debug|Any CPU
		{00826302-918D-4022-88C0-048456C03408}.Release|Any CPU.ActiveCfg = Release|Any CPU
		{00826302-918D-4022-88C0-048456C03408}.Release|Any CPU.Build.0 = Release|Any CPU
	EndGlobalSection
	GlobalSection(SolutionProperties) = preSolution
		HideSolutionNode = FALSE
	EndGlobalSection
EndGlobal
